
Microsoft Visual Studio Solution File, Format Version 12.00
# Visual Studio Version 16
VisualStudioVersion = 16.0.30114.105
MinimumVisualStudioVersion = 10.0.40219.1
Project("{FAE04EC0-301F-11D3-BF4B-00C04F79EFBC}") = "Blockchain", "Blockchain\Blockchain.csproj", "{92714697-8E8C-4BB0-96B0-44C236E57804}"
EndProject
Global
	GlobalSection(SolutionConfigurationPlatforms) = preSolution
		Debug|Any CPU = Debug|Any CPU
		Release|Any CPU = Release|Any CPU
	EndGlobalSection
	GlobalSection(ProjectConfigurationPlatforms) = postSolution
		{92714697-8E8C-4BB0-96B0-44C236E57804}.Debug|Any CPU.ActiveCfg = Debug|Any CPU
		{92714697-8E8C-4BB0-96B0-44C236E57804}.Debug|Any CPU.Build.0 = Debug|Any CPU
		{92714697-8E8C-4BB0-96B0-44C236E57804}.Release|Any CPU.ActiveCfg = Release|Any CPU
		{92714697-8E8C-4BB0-96B0-44C236E57804}.Release|Any CPU.Build.0 = Release|Any CPU
	EndGlobalSection
	GlobalSection(SolutionProperties) = preSolution
		HideSolutionNode = FALSE
	EndGlobalSection
	GlobalSection(ExtensibilityGlobals) = postSolution
		SolutionGuid = {DDB1DF94-349B-489F-A8D1-822ABD4D8B6D}
	EndGlobalSection
EndGlobal
